
Microsoft Visual Studio Solution File, Format Version 12.00
# Visual Studio Version 17
VisualStudioVersion = 17.13.35919.96 d17.13
MinimumVisualStudioVersion = 10.0.40219.1
Project("{FAE04EC0-301F-11D3-BF4B-00C04F79EFBC}") = "practica 9", "practica 9.csproj", "{471232DB-FEA9-4478-9C3D-9E230D68E5CD}"
EndProject
Global
	GlobalSection(SolutionConfigurationPlatforms) = preSolution
		Debug|Any CPU = Debug|Any CPU
		Release|Any CPU = Release|Any CPU
	EndGlobalSection
	GlobalSection(ProjectConfigurationPlatforms) = postSolution
		{471232DB-FEA9-4478-9C3D-9E230D68E5CD}.Debug|Any CPU.ActiveCfg = Debug|Any CPU
		{471232DB-FEA9-4478-9C3D-9E230D68E5CD}.Debug|Any CPU.Build.0 = Debug|Any CPU
		{471232DB-FEA9-4478-9C3D-9E230D68E5CD}.Release|Any CPU.ActiveCfg = Release|Any CPU
		{471232DB-FEA9-4478-9C3D-9E230D68E5CD}.Release|Any CPU.Build.0 = Release|Any CPU
	EndGlobalSection
	GlobalSection(SolutionProperties) = preSolution
		HideSolutionNode = FALSE
	EndGlobalSection
	GlobalSection(ExtensibilityGlobals) = postSolution
		SolutionGuid = {4A414CC1-96CD-455E-9F8A-21E93D172336}
	EndGlobalSection
EndGlobal
