
Microsoft Visual Studio Solution File, Format Version 12.00
# Visual Studio Version 17
VisualStudioVersion = 17.13.35919.96 d17.13
MinimumVisualStudioVersion = 10.0.40219.1
Project("{FAE04EC0-301F-11D3-BF4B-00C04F79EFBC}") = "Practica 13", "Practica 13.csproj", "{B481891A-8633-489B-B6DC-89441048749F}"
EndProject
Global
	GlobalSection(SolutionConfigurationPlatforms) = preSolution
		Debug|Any CPU = Debug|Any CPU
		Release|Any CPU = Release|Any CPU
	EndGlobalSection
	GlobalSection(ProjectConfigurationPlatforms) = postSolution
		{B481891A-8633-489B-B6DC-89441048749F}.Debug|Any CPU.ActiveCfg = Debug|Any CPU
		{B481891A-8633-489B-B6DC-89441048749F}.Debug|Any CPU.Build.0 = Debug|Any CPU
		{B481891A-8633-489B-B6DC-89441048749F}.Release|Any CPU.ActiveCfg = Release|Any CPU
		{B481891A-8633-489B-B6DC-89441048749F}.Release|Any CPU.Build.0 = Release|Any CPU
	EndGlobalSection
	GlobalSection(SolutionProperties) = preSolution
		HideSolutionNode = FALSE
	EndGlobalSection
	GlobalSection(ExtensibilityGlobals) = postSolution
		SolutionGuid = {236D7838-00F0-457A-8B08-EF863B3C1E09}
	EndGlobalSection
EndGlobal
